
Microsoft Visual Studio Solution File, Format Version 12.00
# Visual Studio Version 16
VisualStudioVersion = 16.0.30717.126
MinimumVisualStudioVersion = 10.0.40219.1
Project("{FAE04EC0-301F-11D3-BF4B-00C04F79EFBC}") = "MicroArchitecture.Core", "MicroArchitecture.Core\MicroArchitecture.Core.csproj", "{B7E89213-BF8C-4CB0-B447-63949EF26B22}"
EndProject
Global
	GlobalSection(SolutionConfigurationPlatforms) = preSolution
		Debug|Any CPU = Debug|Any CPU
		Release|Any CPU = Release|Any CPU
	EndGlobalSection
	GlobalSection(ProjectConfigurationPlatforms) = postSolution
		{B7E89213-BF8C-4CB0-B447-63949EF26B22}.Debug|Any CPU.ActiveCfg = Debug|Any CPU
		{B7E89213-BF8C-4CB0-B447-63949EF26B22}.Debug|Any CPU.Build.0 = Debug|Any CPU
		{B7E89213-BF8C-4CB0-B447-63949EF26B22}.Release|Any CPU.ActiveCfg = Release|Any CPU
		{B7E89213-BF8C-4CB0-B447-63949EF26B22}.Release|Any CPU.Build.0 = Release|Any CPU
	EndGlobalSection
	GlobalSection(SolutionProperties) = preSolution
		HideSolutionNode = FALSE
	EndGlobalSection
	GlobalSection(ExtensibilityGlobals) = postSolution
		SolutionGuid = {6C2C8C2D-E909-42CA-9280-D1BE94EDB448}
	EndGlobalSection
EndGlobal
